// !$*UTF8*$!
{
	archiveVersion = 1;
	classes = {
	};
	objectVersion = 56;
	objects = {

/* Begin PBXBuildFile section */
		4FF3220A29267AB900372FDD /* family_letter_iosApp.swift in Sources */ = {isa = PBXBuildFile; fileRef = 4FF3220929267AB900372FDD /* family_letter_iosApp.swift */; };
		4FF3220C29267AB900372FDD /* ContentView.swift in Sources */ = {isa = PBXBuildFile; fileRef = 4FF3220B29267AB900372FDD /* ContentView.swift */; };
		4FF3220E29267ABA00372FDD /* Assets.xcassets in Resources */ = {isa = PBXBuildFile; fileRef = 4FF3220D29267ABA00372FDD /* Assets.xcassets */; };
		4FF3221129267ABA00372FDD /* Preview Assets.xcassets in Resources */ = {isa = PBXBuildFile; fileRef = 4FF3221029267ABA00372FDD /* Preview Assets.xcassets */; };
		4FF3221B29267ABB00372FDD /* family_letter_iosTests.swift in Sources */ = {isa = PBXBuildFile; fileRef = 4FF3221A29267ABB00372FDD /* family_letter_iosTests.swift */; };
		4FF3222529267ABB00372FDD /* family_letter_iosUITests.swift in Sources */ = {isa = PBXBuildFile; fileRef = 4FF3222429267ABB00372FDD /* family_letter_iosUITests.swift */; };
		4FF3222729267ABB00372FDD /* family_letter_iosUITestsLaunchTests.swift in Sources */ = {isa = PBXBuildFile; fileRef = 4FF3222629267ABB00372FDD /* family_letter_iosUITestsLaunchTests.swift */; };
/* End PBXBuildFile section */

/* Begin PBXContainerItemProxy section */
		4FF3221729267ABB00372FDD /* PBXContainerItemProxy */ = {
			isa = PBXContainerItemProxy;
			containerPortal = 4FF321FE29267AB900372FDD /* Project object */;
			proxyType = 1;
			remoteGlobalIDString = 4FF3220529267AB900372FDD;
			remoteInfo = "family-letter-ios";
		};
		4FF3222129267ABB00372FDD /* PBXContainerItemProxy */ = {
			isa = PBXContainerItemProxy;
			containerPortal = 4FF321FE29267AB900372FDD /* Project object */;
			proxyType = 1;
			remoteGlobalIDString = 4FF3220529267AB900372FDD;
			remoteInfo = "family-letter-ios";
		};
/* End PBXContainerItemProxy section */

/* Begin PBXFileReference section */
		4FF3220629267AB900372FDD /* family-letter-ios.app */ = {isa = PBXFileReference; explicitFileType = wrapper.application; includeInIndex = 0; path = "family-letter-ios.app"; sourceTree = BUILT_PRODUCTS_DIR; };
		4FF3220929267AB900372FDD /* family_letter_iosApp.swift */ = {isa = PBXFileReference; lastKnownFileType = sourcecode.swift; path = family_letter_iosApp.swift; sourceTree = "<group>"; };
		4FF3220B29267AB900372FDD /* ContentView.swift */ = {isa = PBXFileReference; lastKnownFileType = sourcecode.swift; path = ContentView.swift; sourceTree = "<group>"; };
		4FF3220D29267ABA00372FDD /* Assets.xcassets */ = {isa = PBXFileReference; lastKnownFileType = folder.assetcatalog; path = Assets.xcassets; sourceTree = "<group>"; };
		4FF3221029267ABA00372FDD /* Preview Assets.xcassets */ = {isa = PBXFileReference; lastKnownFileType = folder.assetcatalog; path = "Preview Assets.xcassets"; sourceTree = "<group>"; };
		4FF3221629267ABB00372FDD /* family-letter-iosTests.xctest */ = {isa = PBXFileReference; explicitFileType = wrapper.cfbundle; includeInIndex = 0; path = "family-letter-iosTests.xctest"; sourceTree = BUILT_PRODUCTS_DIR; };
		4FF3221A29267ABB00372FDD /* family_letter_iosTests.swift */ = {isa = PBXFileReference; lastKnownFileType = sourcecode.swift; path = family_letter_iosTests.swift; sourceTree = "<group>"; };
		4FF3222029267ABB00372FDD /* family-letter-iosUITests.xctest */ = {isa = PBXFileReference; explicitFileType = wrapper.cfbundle; includeInIndex = 0; path = "family-letter-iosUITests.xctest"; sourceTree = BUILT_PRODUCTS_DIR; };
		4FF3222429267ABB00372FDD /* family_letter_iosUITests.swift */ = {isa = PBXFileReference; lastKnownFileType = sourcecode.swift; path = family_letter_iosUITests.swift; sourceTree = "<group>"; };
		4FF3222629267ABB00372FDD /* family_letter_iosUITestsLaunchTests.swift */ = {isa = PBXFileReference; lastKnownFileType = sourcecode.swift; path = family_letter_iosUITestsLaunchTests.swift; sourceTree = "<group>"; };
/* End PBXFileReference section */

/* Begin PBXFrameworksBuildPhase section */
		4FF3220329267AB900372FDD /* Frameworks */ = {
			isa = PBXFrameworksBuildPhase;
			buildActionMask = 2147483647;
			files = (
			);
			runOnlyForDeploymentPostprocessing = 0;
		};
		4FF3221329267ABB00372FDD /* Frameworks */ = {
			isa = PBXFrameworksBuildPhase;
			buildActionMask = 2147483647;
			files = (
			);
			runOnlyForDeploymentPostprocessing = 0;
		};
		4FF3221D29267ABB00372FDD /* Frameworks */ = {
			isa = PBXFrameworksBuildPhase;
			buildActionMask = 2147483647;
			files = (
			);
			runOnlyForDeploymentPostprocessing = 0;
		};
/* End PBXFrameworksBuildPhase section */

/* Begin PBXGroup section */
		4FF321FD29267AB900372FDD = {
			isa = PBXGroup;
			children = (
				4FF3220829267AB900372FDD /* family-letter-ios */,
				4FF3221929267ABB00372FDD /* family-letter-iosTests */,
				4FF3222329267ABB00372FDD /* family-letter-iosUITests */,
				4FF3220729267AB900372FDD /* Products */,
			);
			sourceTree = "<group>";
		};
		4FF3220729267AB900372FDD /* Products */ = {
			isa = PBXGroup;
			children = (
				4FF3220629267AB900372FDD /* family-letter-ios.app */,
				4FF3221629267ABB00372FDD /* family-letter-iosTests.xctest */,
				4FF3222029267ABB00372FDD /* family-letter-iosUITests.xctest */,
			);
			name = Products;
			sourceTree = "<group>";
		};
		4FF3220829267AB900372FDD /* family-letter-ios */ = {
			isa = PBXGroup;
			children = (
				4FF3220929267AB900372FDD /* family_letter_iosApp.swift */,
				4FF3220B29267AB900372FDD /* ContentView.swift */,
				4FF3220D29267ABA00372FDD /* Assets.xcassets */,
				4FF3220F29267ABA00372FDD /* Preview Content */,
			);
			path = "family-letter-ios";
			sourceTree = "<group>";
		};
		4FF3220F29267ABA00372FDD /* Preview Content */ = {
			isa = PBXGroup;
			children = (
				4FF3221029267ABA00372FDD /* Preview Assets.xcassets */,
			);
			path = "Preview Content";
			sourceTree = "<group>";
		};
		4FF3221929267ABB00372FDD /* family-letter-iosTests */ = {
			isa = PBXGroup;
			children = (
				4FF3221A29267ABB00372FDD /* family_letter_iosTests.swift */,
			);
			path = "family-letter-iosTests";
			sourceTree = "<group>";
		};
		4FF3222329267ABB00372FDD /* family-letter-iosUITests */ = {
			isa = PBXGroup;
			children = (
				4FF3222429267ABB00372FDD /* family_letter_iosUITests.swift */,
				4FF3222629267ABB00372FDD /* family_letter_iosUITestsLaunchTests.swift */,
			);
			path = "family-letter-iosUITests";
			sourceTree = "<group>";
		};
/* End PBXGroup section */

/* Begin PBXNativeTarget section */
		4FF3220529267AB900372FDD /* family-letter-ios */ = {
			isa = PBXNativeTarget;
			buildConfigurationList = 4FF3222A29267ABB00372FDD /* Build configuration list for PBXNativeTarget "family-letter-ios" */;
			buildPhases = (
				4FF3220229267AB900372FDD /* Sources */,
				4FF3220329267AB900372FDD /* Frameworks */,
				4FF3220429267AB900372FDD /* Resources */,
			);
			buildRules = (
			);
			dependencies = (
			);
			name = "family-letter-ios";
			productName = "family-letter-ios";
			productReference = 4FF3220629267AB900372FDD /* family-letter-ios.app */;
			productType = "com.apple.product-type.application";
		};
		4FF3221529267ABB00372FDD /* family-letter-iosTests */ = {
			isa = PBXNativeTarget;
			buildConfigurationList = 4FF3222D29267ABB00372FDD /* Build configuration list for PBXNativeTarget "family-letter-iosTests" */;
			buildPhases = (
				4FF3221229267ABB00372FDD /* Sources */,
				4FF3221329267ABB00372FDD /* Frameworks */,
				4FF3221429267ABB00372FDD /* Resources */,
			);
			buildRules = (
			);
			dependencies = (
				4FF3221829267ABB00372FDD /* PBXTargetDependency */,
			);
			name = "family-letter-iosTests";
			productName = "family-letter-iosTests";
			productReference = 4FF3221629267ABB00372FDD /* family-letter-iosTests.xctest */;
			productType = "com.apple.product-type.bundle.unit-test";
		};
		4FF3221F29267ABB00372FDD /* family-letter-iosUITests */ = {
			isa = PBXNativeTarget;
			buildConfigurationList = 4FF3223029267ABB00372FDD /* Build configuration list for PBXNativeTarget "family-letter-iosUITests" */;
			buildPhases = (
				4FF3221C29267ABB00372FDD /* Sources */,
				4FF3221D29267ABB00372FDD /* Frameworks */,
				4FF3221E29267ABB00372FDD /* Resources */,
			);
			buildRules = (
			);
			dependencies = (
				4FF3222229267ABB00372FDD /* PBXTargetDependency */,
			);
			name = "family-letter-iosUITests";
			productName = "family-letter-iosUITests";
			productReference = 4FF3222029267ABB00372FDD /* family-letter-iosUITests.xctest */;
			productType = "com.apple.product-type.bundle.ui-testing";
		};
/* End PBXNativeTarget section */

/* Begin PBXProject section */
		4FF321FE29267AB900372FDD /* Project object */ = {
			isa = PBXProject;
			attributes = {
				BuildIndependentTargetsInParallel = 1;
				LastSwiftUpdateCheck = 1410;
				LastUpgradeCheck = 1410;
				TargetAttributes = {
					4FF3220529267AB900372FDD = {
						CreatedOnToolsVersion = 14.1;
					};
					4FF3221529267ABB00372FDD = {
						CreatedOnToolsVersion = 14.1;
						TestTargetID = 4FF3220529267AB900372FDD;
					};
					4FF3221F29267ABB00372FDD = {
						CreatedOnToolsVersion = 14.1;
						TestTargetID = 4FF3220529267AB900372FDD;
					};
				};
			};
			buildConfigurationList = 4FF3220129267AB900372FDD /* Build configuration list for PBXProject "family-letter-ios" */;
			compatibilityVersion = "Xcode 14.0";
			developmentRegion = en;
			hasScannedForEncodings = 0;
			knownRegions = (
				en,
				Base,
			);
			mainGroup = 4FF321FD29267AB900372FDD;
			productRefGroup = 4FF3220729267AB900372FDD /* Products */;
			projectDirPath = "";
			projectRoot = "";
			targets = (
				4FF3220529267AB900372FDD /* family-letter-ios */,
				4FF3221529267ABB00372FDD /* family-letter-iosTests */,
				4FF3221F29267ABB00372FDD /* family-letter-iosUITests */,
			);
		};
/* End PBXProject section */

/* Begin PBXResourcesBuildPhase section */
		4FF3220429267AB900372FDD /* Resources */ = {
			isa = PBXResourcesBuildPhase;
			buildActionMask = 2147483647;
			files = (
				4FF3221129267ABA00372FDD /* Preview Assets.xcassets in Resources */,
				4FF3220E29267ABA00372FDD /* Assets.xcassets in Resources */,
			);
			runOnlyForDeploymentPostprocessing = 0;
		};
		4FF3221429267ABB00372FDD /* Resources */ = {
			isa = PBXResourcesBuildPhase;
			buildActionMask = 2147483647;
			files = (
			);
			runOnlyForDeploymentPostprocessing = 0;
		};
		4FF3221E29267ABB00372FDD /* Resources */ = {
			isa = PBXResourcesBuildPhase;
			buildActionMask = 2147483647;
			files = (
			);
			runOnlyForDeploymentPostprocessing = 0;
		};
/* End PBXResourcesBuildPhase section */

/* Begin PBXSourcesBuildPhase section */
		4FF3220229267AB900372FDD /* Sources */ = {
			isa = PBXSourcesBuildPhase;
			buildActionMask = 2147483647;
			files = (
				4FF3220C29267AB900372FDD /* ContentView.swift in Sources */,
				4FF3220A29267AB900372FDD /* family_letter_iosApp.swift in Sources */,
			);
			runOnlyForDeploymentPostprocessing = 0;
		};
		4FF3221229267ABB00372FDD /* Sources */ = {
			isa = PBXSourcesBuildPhase;
			buildActionMask = 2147483647;
			files = (
				4FF3221B29267ABB00372FDD /* family_letter_iosTests.swift in Sources */,
			);
			runOnlyForDeploymentPostprocessing = 0;
		};
		4FF3221C29267ABB00372FDD /* Sources */ = {
			isa = PBXSourcesBuildPhase;
			buildActionMask = 2147483647;
			files = (
				4FF3222729267ABB00372FDD /* family_letter_iosUITestsLaunchTests.swift in Sources */,
				4FF3222529267ABB00372FDD /* family_letter_iosUITests.swift in Sources */,
			);
			runOnlyForDeploymentPostprocessing = 0;
		};
/* End PBXSourcesBuildPhase section */

/* Begin PBXTargetDependency section */
		4FF3221829267ABB00372FDD /* PBXTargetDependency */ = {
			isa = PBXTargetDependency;
			target = 4FF3220529267AB900372FDD /* family-letter-ios */;
			targetProxy = 4FF3221729267ABB00372FDD /* PBXContainerItemProxy */;
		};
		4FF3222229267ABB00372FDD /* PBXTargetDependency */ = {
			isa = PBXTargetDependency;
			target = 4FF3220529267AB900372FDD /* family-letter-ios */;
			targetProxy = 4FF3222129267ABB00372FDD /* PBXContainerItemProxy */;
		};
/* End PBXTargetDependency section */

/* Begin XCBuildConfiguration section */
		4FF3222829267ABB00372FDD /* Debug */ = {
			isa = XCBuildConfiguration;
			buildSettings = {
				ALWAYS_SEARCH_USER_PATHS = NO;
				CLANG_ANALYZER_NONNULL = YES;
				CLANG_ANALYZER_NUMBER_OBJECT_CONVERSION = YES_AGGRESSIVE;
				CLANG_CXX_LANGUAGE_STANDARD = "gnu++20";
				CLANG_ENABLE_MODULES = YES;
				CLANG_ENABLE_OBJC_ARC = YES;
				CLANG_ENABLE_OBJC_WEAK = YES;
				CLANG_WARN_BLOCK_CAPTURE_AUTORELEASING = YES;
				CLANG_WARN_BOOL_CONVERSION = YES;
				CLANG_WARN_COMMA = YES;
				CLANG_WARN_CONSTANT_CONVERSION = YES;
				CLANG_WARN_DEPRECATED_OBJC_IMPLEMENTATIONS = YES;
				CLANG_WARN_DIRECT_OBJC_ISA_USAGE = YES_ERROR;
				CLANG_WARN_DOCUMENTATION_COMMENTS = YES;
				CLANG_WARN_EMPTY_BODY = YES;
				CLANG_WARN_ENUM_CONVERSION = YES;
				CLANG_WARN_INFINITE_RECURSION = YES;
				CLANG_WARN_INT_CONVERSION = YES;
				CLANG_WARN_NON_LITERAL_NULL_CONVERSION = YES;
				CLANG_WARN_OBJC_IMPLICIT_RETAIN_SELF = YES;
				CLANG_WARN_OBJC_LITERAL_CONVERSION = YES;
				CLANG_WARN_OBJC_ROOT_CLASS = YES_ERROR;
				CLANG_WARN_QUOTED_INCLUDE_IN_FRAMEWORK_HEADER = YES;
				CLANG_WARN_RANGE_LOOP_ANALYSIS = YES;
				CLANG_WARN_STRICT_PROTOTYPES = YES;
				CLANG_WARN_SUSPICIOUS_MOVE = YES;
				CLANG_WARN_UNGUARDED_AVAILABILITY = YES_AGGRESSIVE;
				CLANG_WARN_UNREACHABLE_CODE = YES;
				CLANG_WARN__DUPLICATE_METHOD_MATCH = YES;
				COPY_PHASE_STRIP = NO;
				DEBUG_INFORMATION_FORMAT = dwarf;
				ENABLE_STRICT_OBJC_MSGSEND = YES;
				ENABLE_TESTABILITY = YES;
				GCC_C_LANGUAGE_STANDARD = gnu11;
				GCC_DYNAMIC_NO_PIC = NO;
				GCC_NO_COMMON_BLOCKS = YES;
				GCC_OPTIMIZATION_LEVEL = 0;
				GCC_PREPROCESSOR_DEFINITIONS = (
					"DEBUG=1",
					"$(inherited)",
				);
				GCC_WARN_64_TO_32_BIT_CONVERSION = YES;
				GCC_WARN_ABOUT_RETURN_TYPE = YES_ERROR;
				GCC_WARN_UNDECLARED_SELECTOR = YES;
				GCC_WARN_UNINITIALIZED_AUTOS = YES_AGGRESSIVE;
				GCC_WARN_UNUSED_FUNCTION = YES;
				GCC_WARN_UNUSED_VARIABLE = YES;
				IPHONEOS_DEPLOYMENT_TARGET = 16.1;
				MTL_ENABLE_DEBUG_INFO = INCLUDE_SOURCE;
				MTL_FAST_MATH = YES;
				ONLY_ACTIVE_ARCH = YES;
				SDKROOT = iphoneos;
				SWIFT_ACTIVE_COMPILATION_CONDITIONS = DEBUG;
				SWIFT_OPTIMIZATION_LEVEL = "-Onone";
			};
			name = Debug;
		};
		4FF3222929267ABB00372FDD /* Release */ = {
			isa = XCBuildConfiguration;
			buildSettings = {
				ALWAYS_SEARCH_USER_PATHS = NO;
				CLANG_ANALYZER_NONNULL = YES;
				CLANG_ANALYZER_NUMBER_OBJECT_CONVERSION = YES_AGGRESSIVE;
				CLANG_CXX_LANGUAGE_STANDARD = "gnu++20";
				CLANG_ENABLE_MODULES = YES;
				CLANG_ENABLE_OBJC_ARC = YES;
				CLANG_ENABLE_OBJC_WEAK = YES;
				CLANG_WARN_BLOCK_CAPTURE_AUTORELEASING = YES;
				CLANG_WARN_BOOL_CONVERSION = YES;
				CLANG_WARN_COMMA = YES;
				CLANG_WARN_CONSTANT_CONVERSION = YES;
				CLANG_WARN_DEPRECATED_OBJC_IMPLEMENTATIONS = YES;
				CLANG_WARN_DIRECT_OBJC_ISA_USAGE = YES_ERROR;
				CLANG_WARN_DOCUMENTATION_COMMENTS = YES;
				CLANG_WARN_EMPTY_BODY = YES;
				CLANG_WARN_ENUM_CONVERSION = YES;
				CLANG_WARN_INFINITE_RECURSION = YES;
				CLANG_WARN_INT_CONVERSION = YES;
				CLANG_WARN_NON_LITERAL_NULL_CONVERSION = YES;
				CLANG_WARN_OBJC_IMPLICIT_RETAIN_SELF = YES;
				CLANG_WARN_OBJC_LITERAL_CONVERSION = YES;
				CLANG_WARN_OBJC_ROOT_CLASS = YES_ERROR;
				CLANG_WARN_QUOTED_INCLUDE_IN_FRAMEWORK_HEADER = YES;
				CLANG_WARN_RANGE_LOOP_ANALYSIS = YES;
				CLANG_WARN_STRICT_PROTOTYPES = YES;
				CLANG_WARN_SUSPICIOUS_MOVE = YES;
				CLANG_WARN_UNGUARDED_AVAILABILITY = YES_AGGRESSIVE;
				CLANG_WARN_UNREACHABLE_CODE = YES;
				CLANG_WARN__DUPLICATE_METHOD_MATCH = YES;
				COPY_PHASE_STRIP = NO;
				DEBUG_INFORMATION_FORMAT = "dwarf-with-dsym";
				ENABLE_NS_ASSERTIONS = NO;
				ENABLE_STRICT_OBJC_MSGSEND = YES;
				GCC_C_LANGUAGE_STANDARD = gnu11;
				GCC_NO_COMMON_BLOCKS = YES;
				GCC_WARN_64_TO_32_BIT_CONVERSION = YES;
				GCC_WARN_ABOUT_RETURN_TYPE = YES_ERROR;
				GCC_WARN_UNDECLARED_SELECTOR = YES;
				GCC_WARN_UNINITIALIZED_AUTOS = YES_AGGRESSIVE;
				GCC_WARN_UNUSED_FUNCTION = YES;
				GCC_WARN_UNUSED_VARIABLE = YES;
				IPHONEOS_DEPLOYMENT_TARGET = 16.1;
				MTL_ENABLE_DEBUG_INFO = NO;
				MTL_FAST_MATH = YES;
				SDKROOT = iphoneos;
				SWIFT_COMPILATION_MODE = wholemodule;
				SWIFT_OPTIMIZATION_LEVEL = "-O";
				VALIDATE_PRODUCT = YES;
			};
			name = Release;
		};
		4FF3222B29267ABB00372FDD /* Debug */ = {
			isa = XCBuildConfiguration;
			buildSettings = {
				ASSETCATALOG_COMPILER_APPICON_NAME = AppIcon;
				ASSETCATALOG_COMPILER_GLOBAL_ACCENT_COLOR_NAME = AccentColor;
				CODE_SIGN_STYLE = Automatic;
				CURRENT_PROJECT_VERSION = 1;
				DEVELOPMENT_ASSET_PATHS = "\"family-letter-ios/Preview Content\"";
				ENABLE_PREVIEWS = YES;
				GENERATE_INFOPLIST_FILE = YES;
				INFOPLIST_KEY_UIApplicationSceneManifest_Generation = YES;
				INFOPLIST_KEY_UIApplicationSupportsIndirectInputEvents = YES;
				INFOPLIST_KEY_UILaunchScreen_Generation = YES;
				INFOPLIST_KEY_UISupportedInterfaceOrientations_iPad = "UIInterfaceOrientationPortrait UIInterfaceOrientationPortraitUpsideDown UIInterfaceOrientationLandscapeLeft UIInterfaceOrientationLandscapeRight";
				INFOPLIST_KEY_UISupportedInterfaceOrientations_iPhone = "UIInterfaceOrientationPortrait UIInterfaceOrientationLandscapeLeft UIInterfaceOrientationLandscapeRight";
				LD_RUNPATH_SEARCH_PATHS = (
					"$(inherited)",
					"@executable_path/Frameworks",
				);
				MARKETING_VERSION = 1.0;
				PRODUCT_BUNDLE_IDENTIFIER = "com.suhyunmin.family-letter-ios";
				PRODUCT_NAME = "$(TARGET_NAME)";
				SWIFT_EMIT_LOC_STRINGS = YES;
				SWIFT_VERSION = 5.0;
				TARGETED_DEVICE_FAMILY = "1,2";
			};
			name = Debug;
		};
		4FF3222C29267ABB00372FDD /* Release */ = {
			isa = XCBuildConfiguration;
			buildSettings = {
				ASSETCATALOG_COMPILER_APPICON_NAME = AppIcon;
				ASSETCATALOG_COMPILER_GLOBAL_ACCENT_COLOR_NAME = AccentColor;
				CODE_SIGN_STYLE = Automatic;
				CURRENT_PROJECT_VERSION = 1;
				DEVELOPMENT_ASSET_PATHS = "\"family-letter-ios/Preview Content\"";
				ENABLE_PREVIEWS = YES;
				GENERATE_INFOPLIST_FILE = YES;
				INFOPLIST_KEY_UIApplicationSceneManifest_Generation = YES;
				INFOPLIST_KEY_UIApplicationSupportsIndirectInputEvents = YES;
				INFOPLIST_KEY_UILaunchScreen_Generation = YES;
				INFOPLIST_KEY_UISupportedInterfaceOrientations_iPad = "UIInterfaceOrientationPortrait UIInterfaceOrientationPortraitUpsideDown UIInterfaceOrientationLandscapeLeft UIInterfaceOrientationLandscapeRight";
				INFOPLIST_KEY_UISupportedInterfaceOrientations_iPhone = "UIInterfaceOrientationPortrait UIInterfaceOrientationLandscapeLeft UIInterfaceOrientationLandscapeRight";
				LD_RUNPATH_SEARCH_PATHS = (
					"$(inherited)",
					"@executable_path/Frameworks",
				);
				MARKETING_VERSION = 1.0;
				PRODUCT_BUNDLE_IDENTIFIER = "com.suhyunmin.family-letter-ios";
				PRODUCT_NAME = "$(TARGET_NAME)";
				SWIFT_EMIT_LOC_STRINGS = YES;
				SWIFT_VERSION = 5.0;
				TARGETED_DEVICE_FAMILY = "1,2";
			};
			name = Release;
		};
		4FF3222E29267ABB00372FDD /* Debug */ = {
			isa = XCBuildConfiguration;
			buildSettings = {
				ALWAYS_EMBED_SWIFT_STANDARD_LIBRARIES = YES;
				BUNDLE_LOADER = "$(TEST_HOST)";
				CODE_SIGN_STYLE = Automatic;
				CURRENT_PROJECT_VERSION = 1;
				GENERATE_INFOPLIST_FILE = YES;
				IPHONEOS_DEPLOYMENT_TARGET = 16.1;
				MARKETING_VERSION = 1.0;
				PRODUCT_BUNDLE_IDENTIFIER = "com.suhyunmin.family-letter-iosTests";
				PRODUCT_NAME = "$(TARGET_NAME)";
				SWIFT_EMIT_LOC_STRINGS = NO;
				SWIFT_VERSION = 5.0;
				TARGETED_DEVICE_FAMILY = "1,2";
				TEST_HOST = "$(BUILT_PRODUCTS_DIR)/family-letter-ios.app/$(BUNDLE_EXECUTABLE_FOLDER_PATH)/family-letter-ios";
			};
			name = Debug;
		};
		4FF3222F29267ABB00372FDD /* Release */ = {
			isa = XCBuildConfiguration;
			buildSettings = {
				ALWAYS_EMBED_SWIFT_STANDARD_LIBRARIES = YES;
				BUNDLE_LOADER = "$(TEST_HOST)";
				CODE_SIGN_STYLE = Automatic;
				CURRENT_PROJECT_VERSION = 1;
				GENERATE_INFOPLIST_FILE = YES;
				IPHONEOS_DEPLOYMENT_TARGET = 16.1;
				MARKETING_VERSION = 1.0;
				PRODUCT_BUNDLE_IDENTIFIER = "com.suhyunmin.family-letter-iosTests";
				PRODUCT_NAME = "$(TARGET_NAME)";
				SWIFT_EMIT_LOC_STRINGS = NO;
				SWIFT_VERSION = 5.0;
				TARGETED_DEVICE_FAMILY = "1,2";
				TEST_HOST = "$(BUILT_PRODUCTS_DIR)/family-letter-ios.app/$(BUNDLE_EXECUTABLE_FOLDER_PATH)/family-letter-ios";
			};
			name = Release;
		};
		4FF3223129267ABB00372FDD /* Debug */ = {
			isa = XCBuildConfiguration;
			buildSettings = {
				ALWAYS_EMBED_SWIFT_STANDARD_LIBRARIES = YES;
				CODE_SIGN_STYLE = Automatic;
				CURRENT_PROJECT_VERSION = 1;
				GENERATE_INFOPLIST_FILE = YES;
				MARKETING_VERSION = 1.0;
				PRODUCT_BUNDLE_IDENTIFIER = "com.suhyunmin.family-letter-iosUITests";
				PRODUCT_NAME = "$(TARGET_NAME)";
				SWIFT_EMIT_LOC_STRINGS = NO;
				SWIFT_VERSION = 5.0;
				TARGETED_DEVICE_FAMILY = "1,2";
				TEST_TARGET_NAME = "family-letter-ios";
			};
			name = Debug;
		};
		4FF3223229267ABB00372FDD /* Release */ = {
			isa = XCBuildConfiguration;
			buildSettings = {
				ALWAYS_EMBED_SWIFT_STANDARD_LIBRARIES = YES;
				CODE_SIGN_STYLE = Automatic;
				CURRENT_PROJECT_VERSION = 1;
				GENERATE_INFOPLIST_FILE = YES;
				MARKETING_VERSION = 1.0;
				PRODUCT_BUNDLE_IDENTIFIER = "com.suhyunmin.family-letter-iosUITests";
				PRODUCT_NAME = "$(TARGET_NAME)";
				SWIFT_EMIT_LOC_STRINGS = NO;
				SWIFT_VERSION = 5.0;
				TARGETED_DEVICE_FAMILY = "1,2";
				TEST_TARGET_NAME = "family-letter-ios";
			};
			name = Release;
		};
/* End XCBuildConfiguration section */

/* Begin XCConfigurationList section */
		4FF3220129267AB900372FDD /* Build configuration list for PBXProject "family-letter-ios" */ = {
			isa = XCConfigurationList;
			buildConfigurations = (
				4FF3222829267ABB00372FDD /* Debug */,
				4FF3222929267ABB00372FDD /* Release */,
			);
			defaultConfigurationIsVisible = 0;
			defaultConfigurationName = Release;
		};
		4FF3222A29267ABB00372FDD /* Build configuration list for PBXNativeTarget "family-letter-ios" */ = {
			isa = XCConfigurationList;
			buildConfigurations = (
				4FF3222B29267ABB00372FDD /* Debug */,
				4FF3222C29267ABB00372FDD /* Release */,
			);
			defaultConfigurationIsVisible = 0;
			defaultConfigurationName = Release;
		};
		4FF3222D29267ABB00372FDD /* Build configuration list for PBXNativeTarget "family-letter-iosTests" */ = {
			isa = XCConfigurationList;
			buildConfigurations = (
				4FF3222E29267ABB00372FDD /* Debug */,
				4FF3222F29267ABB00372FDD /* Release */,
			);
			defaultConfigurationIsVisible = 0;
			defaultConfigurationName = Release;
		};
		4FF3223029267ABB00372FDD /* Build configuration list for PBXNativeTarget "family-letter-iosUITests" */ = {
			isa = XCConfigurationList;
			buildConfigurations = (
				4FF3223129267ABB00372FDD /* Debug */,
				4FF3223229267ABB00372FDD /* Release */,
			);
			defaultConfigurationIsVisible = 0;
			defaultConfigurationName = Release;
		};
/* End XCConfigurationList section */
	};
	rootObject = 4FF321FE29267AB900372FDD /* Project object */;
}
